
Microsoft Visual Studio Solution File, Format Version 12.00
Project("{FAE04EC0-301F-11D3-BF4B-00C04F79EFBC}") = "Catalog.Api", "Catalog.Api\Catalog.Api.csproj", "{F68A17DD-992B-4C7B-92B1-CED11BDB3E0C}"
EndProject
Project("{FAE04EC0-301F-11D3-BF4B-00C04F79EFBC}") = "Catalog.Models", "Catalog.Models\Catalog.Models.csproj", "{B61B0B10-B9FB-45E8-B724-E95D5D71C5A9}"
EndProject
Project("{FAE04EC0-301F-11D3-BF4B-00C04F79EFBC}") = "Catalog.EntityFramework", "Catalog.EntityFramework\Catalog.EntityFramework.csproj", "{C52241EA-5919-4182-97AC-67E6D5E9DB6C}"
EndProject
Global
	GlobalSection(SolutionConfigurationPlatforms) = preSolution
		Debug|Any CPU = Debug|Any CPU
		Release|Any CPU = Release|Any CPU
	EndGlobalSection
	GlobalSection(ProjectConfigurationPlatforms) = postSolution
		{F68A17DD-992B-4C7B-92B1-CED11BDB3E0C}.Debug|Any CPU.ActiveCfg = Debug|Any CPU
		{F68A17DD-992B-4C7B-92B1-CED11BDB3E0C}.Debug|Any CPU.Build.0 = Debug|Any CPU
		{F68A17DD-992B-4C7B-92B1-CED11BDB3E0C}.Release|Any CPU.ActiveCfg = Release|Any CPU
		{F68A17DD-992B-4C7B-92B1-CED11BDB3E0C}.Release|Any CPU.Build.0 = Release|Any CPU
		{B61B0B10-B9FB-45E8-B724-E95D5D71C5A9}.Debug|Any CPU.ActiveCfg = Debug|Any CPU
		{B61B0B10-B9FB-45E8-B724-E95D5D71C5A9}.Debug|Any CPU.Build.0 = Debug|Any CPU
		{B61B0B10-B9FB-45E8-B724-E95D5D71C5A9}.Release|Any CPU.ActiveCfg = Release|Any CPU
		{B61B0B10-B9FB-45E8-B724-E95D5D71C5A9}.Release|Any CPU.Build.0 = Release|Any CPU
		{C52241EA-5919-4182-97AC-67E6D5E9DB6C}.Debug|Any CPU.ActiveCfg = Debug|Any CPU
		{C52241EA-5919-4182-97AC-67E6D5E9DB6C}.Debug|Any CPU.Build.0 = Debug|Any CPU
		{C52241EA-5919-4182-97AC-67E6D5E9DB6C}.Release|Any CPU.ActiveCfg = Release|Any CPU
		{C52241EA-5919-4182-97AC-67E6D5E9DB6C}.Release|Any CPU.Build.0 = Release|Any CPU
	EndGlobalSection
EndGlobal
